
Microsoft Visual Studio Solution File, Format Version 12.00
Project("{FAE04EC0-301F-11D3-BF4B-00C04F79EFBC}") = "api", "api\api.csproj", "{1EAA8804-7FE4-4112-988B-005432696DFD}"
EndProject
Global
	GlobalSection(SolutionConfigurationPlatforms) = preSolution
		Debug|Any CPU = Debug|Any CPU
		Release|Any CPU = Release|Any CPU
	EndGlobalSection
	GlobalSection(ProjectConfigurationPlatforms) = postSolution
		{1EAA8804-7FE4-4112-988B-005432696DFD}.Debug|Any CPU.ActiveCfg = Debug|Any CPU
		{1EAA8804-7FE4-4112-988B-005432696DFD}.Debug|Any CPU.Build.0 = Debug|Any CPU
		{1EAA8804-7FE4-4112-988B-005432696DFD}.Release|Any CPU.ActiveCfg = Release|Any CPU
		{1EAA8804-7FE4-4112-988B-005432696DFD}.Release|Any CPU.Build.0 = Release|Any CPU
	EndGlobalSection
EndGlobal
