
Microsoft Visual Studio Solution File, Format Version 12.00
Project("{FAE04EC0-301F-11D3-BF4B-00C04F79EFBC}") = "api", "api\api.csproj", "{1C3F08C2-E062-4E3F-8217-91630A6DB05A}"
EndProject
Project("{FAE04EC0-301F-11D3-BF4B-00C04F79EFBC}") = "infrastructure", "infrastructure\infrastructure.csproj", "{6FFF3AC8-D5FA-4DCB-9F9C-5ED4D9112401}"
EndProject
Project("{FAE04EC0-301F-11D3-BF4B-00C04F79EFBC}") = "service", "service\service.csproj", "{5ACCFA25-6C1F-4E5E-9C43-F51739811257}"
EndProject
Global
	GlobalSection(SolutionConfigurationPlatforms) = preSolution
		Debug|Any CPU = Debug|Any CPU
		Release|Any CPU = Release|Any CPU
	EndGlobalSection
	GlobalSection(ProjectConfigurationPlatforms) = postSolution
		{1C3F08C2-E062-4E3F-8217-91630A6DB05A}.Debug|Any CPU.ActiveCfg = Debug|Any CPU
		{1C3F08C2-E062-4E3F-8217-91630A6DB05A}.Debug|Any CPU.Build.0 = Debug|Any CPU
		{1C3F08C2-E062-4E3F-8217-91630A6DB05A}.Release|Any CPU.ActiveCfg = Release|Any CPU
		{1C3F08C2-E062-4E3F-8217-91630A6DB05A}.Release|Any CPU.Build.0 = Release|Any CPU
		{6FFF3AC8-D5FA-4DCB-9F9C-5ED4D9112401}.Debug|Any CPU.ActiveCfg = Debug|Any CPU
		{6FFF3AC8-D5FA-4DCB-9F9C-5ED4D9112401}.Debug|Any CPU.Build.0 = Debug|Any CPU
		{6FFF3AC8-D5FA-4DCB-9F9C-5ED4D9112401}.Release|Any CPU.ActiveCfg = Release|Any CPU
		{6FFF3AC8-D5FA-4DCB-9F9C-5ED4D9112401}.Release|Any CPU.Build.0 = Release|Any CPU
		{5ACCFA25-6C1F-4E5E-9C43-F51739811257}.Debug|Any CPU.ActiveCfg = Debug|Any CPU
		{5ACCFA25-6C1F-4E5E-9C43-F51739811257}.Debug|Any CPU.Build.0 = Debug|Any CPU
		{5ACCFA25-6C1F-4E5E-9C43-F51739811257}.Release|Any CPU.ActiveCfg = Release|Any CPU
		{5ACCFA25-6C1F-4E5E-9C43-F51739811257}.Release|Any CPU.Build.0 = Release|Any CPU
	EndGlobalSection
EndGlobal
